
Microsoft Visual Studio Solution File, Format Version 12.00
# Visual Studio Version 17
VisualStudioVersion = 17.4.33213.308
MinimumVisualStudioVersion = 10.0.40219.1
Project("{2150E333-8FDC-42A3-9474-1A3956D46DE8}") = "Service", "Service", "{C1C27B38-EF12-48FB-BF31-EFBD51665113}"
EndProject
Project("{2150E333-8FDC-42A3-9474-1A3956D46DE8}") = "Data", "Data", "{22AEF93D-5321-483B-AA9D-F6C00F79C0D8}"
EndProject
Project("{2150E333-8FDC-42A3-9474-1A3956D46DE8}") = "Worker", "Worker", "{3912B898-3873-4F28-801A-B33CFBCB01F0}"
EndProject
Project("{2150E333-8FDC-42A3-9474-1A3956D46DE8}") = "Core", "Core", "{233C41F4-E9DC-42CF-A88F-306C5E82A3C5}"
EndProject
Project("{FAE04EC0-301F-11D3-BF4B-00C04F79EFBC}") = "ICS.Core.FileUtil", "ICS.Core.FileUtil\ICS.Core.FileUtil.csproj", "{CDAE131D-ABDC-4703-A505-368BB0783753}"
EndProject
Project("{FAE04EC0-301F-11D3-BF4B-00C04F79EFBC}") = "ICS.Core.SocketUtil", "ICS.Core.SocketUtil\ICS.Core.SocketUtil.csproj", "{F02AB79B-EC0A-4345-8EAA-A74689431ECA}"
EndProject
Project("{FAE04EC0-301F-11D3-BF4B-00C04F79EFBC}") = "ICS.Worker.Watchdog", "ICS.Worker.Watchdog\ICS.Worker.Watchdog.csproj", "{6B60AC4A-C770-4899-A6FF-878412BFFA93}"
EndProject
Project("{FAE04EC0-301F-11D3-BF4B-00C04F79EFBC}") = "ICS.Worker.Loader", "ICS.Worker.Loader\ICS.Worker.Loader.csproj", "{CCB40152-40B3-4C65-AEA4-0ECA48B88A5C}"
EndProject
Project("{FAE04EC0-301F-11D3-BF4B-00C04F79EFBC}") = "ICS.Worker.Comm", "ICS.Worker.Comm\ICS.Worker.Comm.csproj", "{86BA56A4-F9A9-40A9-B942-CBF09FB89FBD}"
EndProject
Project("{FAE04EC0-301F-11D3-BF4B-00C04F79EFBC}") = "ICS.Worker.DBTest", "ICS.Worker.DBTest\ICS.Worker.DBTest.csproj", "{4E022D90-30E6-4499-8350-3DCF6AE7950E}"
EndProject
Project("{FAE04EC0-301F-11D3-BF4B-00C04F79EFBC}") = "ICS.Service.DBTest", "ICS.Service.DBTest\ICS.Service.DBTest.csproj", "{71337A91-B5C8-47ED-81ED-476554E19FFB}"
EndProject
Project("{FAE04EC0-301F-11D3-BF4B-00C04F79EFBC}") = "ICS.Data.Equipment", "ICS.Data.Equipment\ICS.Data.Equipment.csproj", "{B2805EA4-6B68-496F-B571-FD4F2F478226}"
EndProject
Project("{FAE04EC0-301F-11D3-BF4B-00C04F79EFBC}") = "ICS.Core.DBUtil", "ICS.Core.DBUtil\ICS.Core.DBUtil.csproj", "{F60A4829-091A-4780-BCC8-58B6E79166E3}"
EndProject
Project("{FAE04EC0-301F-11D3-BF4B-00C04F79EFBC}") = "ICS.Core.FTPUtil", "ICS.Core.FTPUtil\ICS.Core.FTPUtil.csproj", "{508332C0-EE4E-4B54-BDA6-E66728E5E4FD}"
EndProject
Project("{FAE04EC0-301F-11D3-BF4B-00C04F79EFBC}") = "ICS.Data.JsonMessage", "ICS.Data.JsonMessage\ICS.Data.JsonMessage.csproj", "{BF897A2C-B9B0-4DCC-8B94-3B25C48F18FF}"
EndProject
Project("{FAE04EC0-301F-11D3-BF4B-00C04F79EFBC}") = "ICS.Core.Common", "ICS.Core.Common\ICS.Core.Common.csproj", "{C2B68604-3961-40D7-94B7-1E18E0D6C7CA}"
EndProject
Project("{FAE04EC0-301F-11D3-BF4B-00C04F79EFBC}") = "ICS.Core.MQUtil", "ICS.Core.MQUtil\ICS.Core.MQUtil.csproj", "{80A07FC1-6BD0-4927-9153-8B950DB8D264}"
EndProject
Project("{FAE04EC0-301F-11D3-BF4B-00C04F79EFBC}") = "ICS.Data.Inspection", "ICS.Data.Inspection\ICS.Data.Inspection.csproj", "{09DD15C9-9F17-4FB7-B3FA-E1B96824F874}"
EndProject
Global
	GlobalSection(SolutionConfigurationPlatforms) = preSolution
		Debug|Any CPU = Debug|Any CPU
		Release|Any CPU = Release|Any CPU
	EndGlobalSection
	GlobalSection(ProjectConfigurationPlatforms) = postSolution
		{CDAE131D-ABDC-4703-A505-368BB0783753}.Debug|Any CPU.ActiveCfg = Debug|Any CPU
		{CDAE131D-ABDC-4703-A505-368BB0783753}.Debug|Any CPU.Build.0 = Debug|Any CPU
		{CDAE131D-ABDC-4703-A505-368BB0783753}.Release|Any CPU.ActiveCfg = Release|Any CPU
		{CDAE131D-ABDC-4703-A505-368BB0783753}.Release|Any CPU.Build.0 = Release|Any CPU
		{F02AB79B-EC0A-4345-8EAA-A74689431ECA}.Debug|Any CPU.ActiveCfg = Debug|Any CPU
		{F02AB79B-EC0A-4345-8EAA-A74689431ECA}.Debug|Any CPU.Build.0 = Debug|Any CPU
		{F02AB79B-EC0A-4345-8EAA-A74689431ECA}.Release|Any CPU.ActiveCfg = Release|Any CPU
		{F02AB79B-EC0A-4345-8EAA-A74689431ECA}.Release|Any CPU.Build.0 = Release|Any CPU
		{6B60AC4A-C770-4899-A6FF-878412BFFA93}.Debug|Any CPU.ActiveCfg = Debug|Any CPU
		{6B60AC4A-C770-4899-A6FF-878412BFFA93}.Debug|Any CPU.Build.0 = Debug|Any CPU
		{6B60AC4A-C770-4899-A6FF-878412BFFA93}.Release|Any CPU.ActiveCfg = Release|Any CPU
		{6B60AC4A-C770-4899-A6FF-878412BFFA93}.Release|Any CPU.Build.0 = Release|Any CPU
		{CCB40152-40B3-4C65-AEA4-0ECA48B88A5C}.Debug|Any CPU.ActiveCfg = Debug|Any CPU
		{CCB40152-40B3-4C65-AEA4-0ECA48B88A5C}.Debug|Any CPU.Build.0 = Debug|Any CPU
		{CCB40152-40B3-4C65-AEA4-0ECA48B88A5C}.Release|Any CPU.ActiveCfg = Release|Any CPU
		{CCB40152-40B3-4C65-AEA4-0ECA48B88A5C}.Release|Any CPU.Build.0 = Release|Any CPU
		{86BA56A4-F9A9-40A9-B942-CBF09FB89FBD}.Debug|Any CPU.ActiveCfg = Debug|Any CPU
		{86BA56A4-F9A9-40A9-B942-CBF09FB89FBD}.Debug|Any CPU.Build.0 = Debug|Any CPU
		{86BA56A4-F9A9-40A9-B942-CBF09FB89FBD}.Release|Any CPU.ActiveCfg = Release|Any CPU
		{86BA56A4-F9A9-40A9-B942-CBF09FB89FBD}.Release|Any CPU.Build.0 = Release|Any CPU
		{4E022D90-30E6-4499-8350-3DCF6AE7950E}.Debug|Any CPU.ActiveCfg = Debug|Any CPU
		{4E022D90-30E6-4499-8350-3DCF6AE7950E}.Debug|Any CPU.Build.0 = Debug|Any CPU
		{4E022D90-30E6-4499-8350-3DCF6AE7950E}.Release|Any CPU.ActiveCfg = Release|Any CPU
		{4E022D90-30E6-4499-8350-3DCF6AE7950E}.Release|Any CPU.Build.0 = Release|Any CPU
		{71337A91-B5C8-47ED-81ED-476554E19FFB}.Debug|Any CPU.ActiveCfg = Debug|Any CPU
		{71337A91-B5C8-47ED-81ED-476554E19FFB}.Debug|Any CPU.Build.0 = Debug|Any CPU
		{71337A91-B5C8-47ED-81ED-476554E19FFB}.Release|Any CPU.ActiveCfg = Release|Any CPU
		{71337A91-B5C8-47ED-81ED-476554E19FFB}.Release|Any CPU.Build.0 = Release|Any CPU
		{B2805EA4-6B68-496F-B571-FD4F2F478226}.Debug|Any CPU.ActiveCfg = Debug|Any CPU
		{B2805EA4-6B68-496F-B571-FD4F2F478226}.Debug|Any CPU.Build.0 = Debug|Any CPU
		{B2805EA4-6B68-496F-B571-FD4F2F478226}.Release|Any CPU.ActiveCfg = Release|Any CPU
		{B2805EA4-6B68-496F-B571-FD4F2F478226}.Release|Any CPU.Build.0 = Release|Any CPU
		{F60A4829-091A-4780-BCC8-58B6E79166E3}.Debug|Any CPU.ActiveCfg = Debug|Any CPU
		{F60A4829-091A-4780-BCC8-58B6E79166E3}.Debug|Any CPU.Build.0 = Debug|Any CPU
		{F60A4829-091A-4780-BCC8-58B6E79166E3}.Release|Any CPU.ActiveCfg = Release|Any CPU
		{F60A4829-091A-4780-BCC8-58B6E79166E3}.Release|Any CPU.Build.0 = Release|Any CPU
		{508332C0-EE4E-4B54-BDA6-E66728E5E4FD}.Debug|Any CPU.ActiveCfg = Debug|Any CPU
		{508332C0-EE4E-4B54-BDA6-E66728E5E4FD}.Debug|Any CPU.Build.0 = Debug|Any CPU
		{508332C0-EE4E-4B54-BDA6-E66728E5E4FD}.Release|Any CPU.ActiveCfg = Release|Any CPU
		{508332C0-EE4E-4B54-BDA6-E66728E5E4FD}.Release|Any CPU.Build.0 = Release|Any CPU
		{BF897A2C-B9B0-4DCC-8B94-3B25C48F18FF}.Debug|Any CPU.ActiveCfg = Debug|Any CPU
		{BF897A2C-B9B0-4DCC-8B94-3B25C48F18FF}.Debug|Any CPU.Build.0 = Debug|Any CPU
		{BF897A2C-B9B0-4DCC-8B94-3B25C48F18FF}.Release|Any CPU.ActiveCfg = Release|Any CPU
		{BF897A2C-B9B0-4DCC-8B94-3B25C48F18FF}.Release|Any CPU.Build.0 = Release|Any CPU
		{C2B68604-3961-40D7-94B7-1E18E0D6C7CA}.Debug|Any CPU.ActiveCfg = Debug|Any CPU
		{C2B68604-3961-40D7-94B7-1E18E0D6C7CA}.Debug|Any CPU.Build.0 = Debug|Any CPU
		{C2B68604-3961-40D7-94B7-1E18E0D6C7CA}.Release|Any CPU.ActiveCfg = Release|Any CPU
		{C2B68604-3961-40D7-94B7-1E18E0D6C7CA}.Release|Any CPU.Build.0 = Release|Any CPU
		{80A07FC1-6BD0-4927-9153-8B950DB8D264}.Debug|Any CPU.ActiveCfg = Debug|Any CPU
		{80A07FC1-6BD0-4927-9153-8B950DB8D264}.Debug|Any CPU.Build.0 = Debug|Any CPU
		{80A07FC1-6BD0-4927-9153-8B950DB8D264}.Release|Any CPU.ActiveCfg = Release|Any CPU
		{80A07FC1-6BD0-4927-9153-8B950DB8D264}.Release|Any CPU.Build.0 = Release|Any CPU
		{09DD15C9-9F17-4FB7-B3FA-E1B96824F874}.Debug|Any CPU.ActiveCfg = Debug|Any CPU
		{09DD15C9-9F17-4FB7-B3FA-E1B96824F874}.Debug|Any CPU.Build.0 = Debug|Any CPU
		{09DD15C9-9F17-4FB7-B3FA-E1B96824F874}.Release|Any CPU.ActiveCfg = Release|Any CPU
		{09DD15C9-9F17-4FB7-B3FA-E1B96824F874}.Release|Any CPU.Build.0 = Release|Any CPU
	EndGlobalSection
	GlobalSection(SolutionProperties) = preSolution
		HideSolutionNode = FALSE
	EndGlobalSection
	GlobalSection(NestedProjects) = preSolution
		{CDAE131D-ABDC-4703-A505-368BB0783753} = {233C41F4-E9DC-42CF-A88F-306C5E82A3C5}
		{F02AB79B-EC0A-4345-8EAA-A74689431ECA} = {233C41F4-E9DC-42CF-A88F-306C5E82A3C5}
		{6B60AC4A-C770-4899-A6FF-878412BFFA93} = {3912B898-3873-4F28-801A-B33CFBCB01F0}
		{CCB40152-40B3-4C65-AEA4-0ECA48B88A5C} = {3912B898-3873-4F28-801A-B33CFBCB01F0}
		{86BA56A4-F9A9-40A9-B942-CBF09FB89FBD} = {3912B898-3873-4F28-801A-B33CFBCB01F0}
		{4E022D90-30E6-4499-8350-3DCF6AE7950E} = {3912B898-3873-4F28-801A-B33CFBCB01F0}
		{71337A91-B5C8-47ED-81ED-476554E19FFB} = {C1C27B38-EF12-48FB-BF31-EFBD51665113}
		{B2805EA4-6B68-496F-B571-FD4F2F478226} = {22AEF93D-5321-483B-AA9D-F6C00F79C0D8}
		{F60A4829-091A-4780-BCC8-58B6E79166E3} = {233C41F4-E9DC-42CF-A88F-306C5E82A3C5}
		{508332C0-EE4E-4B54-BDA6-E66728E5E4FD} = {233C41F4-E9DC-42CF-A88F-306C5E82A3C5}
		{BF897A2C-B9B0-4DCC-8B94-3B25C48F18FF} = {22AEF93D-5321-483B-AA9D-F6C00F79C0D8}
		{C2B68604-3961-40D7-94B7-1E18E0D6C7CA} = {233C41F4-E9DC-42CF-A88F-306C5E82A3C5}
		{80A07FC1-6BD0-4927-9153-8B950DB8D264} = {233C41F4-E9DC-42CF-A88F-306C5E82A3C5}
		{09DD15C9-9F17-4FB7-B3FA-E1B96824F874} = {22AEF93D-5321-483B-AA9D-F6C00F79C0D8}
	EndGlobalSection
	GlobalSection(ExtensibilityGlobals) = postSolution
		SolutionGuid = {3934D57D-6779-4437-8C64-798A8158158E}
	EndGlobalSection
EndGlobal
